{
  "object": {
    "pins": [
      {
        "package": "Rainbow",
        "repositoryURL": "https://github.com/onevcat/Rainbow",
        "state": {
          "branch": null,
          "revision": "f69961599ad524251d677fbec9e4bac57385d6fc",
          "version": "3.1.1"
        }
      },
      {
        "package": "SwiftyJSON",
        "repositoryURL": "https://github.com/IBM-Swift/SwiftyJSON.git",
        "state": {
          "branch": null,
          "revision": "7d78e6a9907a5ab23e3f8d4d4ce3e2101abeec9d",
          "version": "15.0.6"
        }
      }
    ]
  },
  "version": 1
}
